// !$*UTF8*$!
{
	archiveVersion = 1;
	classes = {
	};
	objectVersion = 50;
	objects = {

/* Begin PBXBuildFile section */
		D631CBCB207C814C005E24A0 /* AppDelegate.swift in Sources */ = {isa = PBXBuildFile; fileRef = D631CBCA207C814C005E24A0 /* AppDelegate.swift */; };
		D631CBCD207C814C005E24A0 /* NoteViewController.swift in Sources */ = {isa = PBXBuildFile; fileRef = D631CBCC207C814C005E24A0 /* NoteViewController.swift */; };
		D631CBD0207C814C005E24A0 /* Main.storyboard in Resources */ = {isa = PBXBuildFile; fileRef = D631CBCE207C814C005E24A0 /* Main.storyboard */; };
		D631CBD3207C814C005E24A0 /* RecordDemoWithCoreData.xcdatamodeld in Sources */ = {isa = PBXBuildFile; fileRef = D631CBD1207C814C005E24A0 /* RecordDemoWithCoreData.xcdatamodeld */; };
		D631CBD5207C814C005E24A0 /* Assets.xcassets in Resources */ = {isa = PBXBuildFile; fileRef = D631CBD4207C814C005E24A0 /* Assets.xcassets */; };
		D631CBD8207C814C005E24A0 /* LaunchScreen.storyboard in Resources */ = {isa = PBXBuildFile; fileRef = D631CBD6207C814C005E24A0 /* LaunchScreen.storyboard */; };
		D631CBE0207C8503005E24A0 /* EditNoteViewController.swift in Sources */ = {isa = PBXBuildFile; fileRef = D631CBDF207C8503005E24A0 /* EditNoteViewController.swift */; };
		D631CBE3207C8907005E24A0 /* PhotoTableViewCell.swift in Sources */ = {isa = PBXBuildFile; fileRef = D631CBE2207C8907005E24A0 /* PhotoTableViewCell.swift */; };
		D631CBE9207CF07D005E24A0 /* Note+CoreDataClass.swift in Sources */ = {isa = PBXBuildFile; fileRef = D631CBE5207CF07D005E24A0 /* Note+CoreDataClass.swift */; };
		D631CBEA207CF07D005E24A0 /* Note+CoreDataProperties.swift in Sources */ = {isa = PBXBuildFile; fileRef = D631CBE6207CF07D005E24A0 /* Note+CoreDataProperties.swift */; };
		D631CBEB207CF07D005E24A0 /* Photo+CoreDataClass.swift in Sources */ = {isa = PBXBuildFile; fileRef = D631CBE7207CF07D005E24A0 /* Photo+CoreDataClass.swift */; };
		D631CBEC207CF07D005E24A0 /* Photo+CoreDataProperties.swift in Sources */ = {isa = PBXBuildFile; fileRef = D631CBE8207CF07D005E24A0 /* Photo+CoreDataProperties.swift */; };
		D69F753E20D7EB0D00887705 /* CustomTextField.swift in Sources */ = {isa = PBXBuildFile; fileRef = D69F753D20D7EB0D00887705 /* CustomTextField.swift */; };
		D69F754020D7EECC00887705 /* CustomTextView.swift in Sources */ = {isa = PBXBuildFile; fileRef = D69F753F20D7EECC00887705 /* CustomTextView.swift */; };
/* End PBXBuildFile section */

/* Begin PBXFileReference section */
		D631CBC7207C814C005E24A0 /* RecordDemoWithCoreData.app */ = {isa = PBXFileReference; explicitFileType = wrapper.application; includeInIndex = 0; path = RecordDemoWithCoreData.app; sourceTree = BUILT_PRODUCTS_DIR; };
		D631CBCA207C814C005E24A0 /* AppDelegate.swift */ = {isa = PBXFileReference; lastKnownFileType = sourcecode.swift; path = AppDelegate.swift; sourceTree = "<group>"; };
		D631CBCC207C814C005E24A0 /* NoteViewController.swift */ = {isa = PBXFileReference; lastKnownFileType = sourcecode.swift; path = NoteViewController.swift; sourceTree = "<group>"; };
		D631CBCF207C814C005E24A0 /* Base */ = {isa = PBXFileReference; lastKnownFileType = file.storyboard; name = Base; path = Base.lproj/Main.storyboard; sourceTree = "<group>"; };
		D631CBD2207C814C005E24A0 /* RecordDemoWithCoreData.xcdatamodel */ = {isa = PBXFileReference; lastKnownFileType = wrapper.xcdatamodel; path = RecordDemoWithCoreData.xcdatamodel; sourceTree = "<group>"; };
		D631CBD4207C814C005E24A0 /* Assets.xcassets */ = {isa = PBXFileReference; lastKnownFileType = folder.assetcatalog; path = Assets.xcassets; sourceTree = "<group>"; };
		D631CBD7207C814C005E24A0 /* Base */ = {isa = PBXFileReference; lastKnownFileType = file.storyboard; name = Base; path = Base.lproj/LaunchScreen.storyboard; sourceTree = "<group>"; };
		D631CBD9207C814C005E24A0 /* Info.plist */ = {isa = PBXFileReference; lastKnownFileType = text.plist.xml; path = Info.plist; sourceTree = "<group>"; };
		D631CBDF207C8503005E24A0 /* EditNoteViewController.swift */ = {isa = PBXFileReference; lastKnownFileType = sourcecode.swift; path = EditNoteViewController.swift; sourceTree = "<group>"; };
		D631CBE2207C8907005E24A0 /* PhotoTableViewCell.swift */ = {isa = PBXFileReference; lastKnownFileType = sourcecode.swift; path = PhotoTableViewCell.swift; sourceTree = "<group>"; };
		D631CBE5207CF07D005E24A0 /* Note+CoreDataClass.swift */ = {isa = PBXFileReference; lastKnownFileType = sourcecode.swift; path = "Note+CoreDataClass.swift"; sourceTree = "<group>"; };
		D631CBE6207CF07D005E24A0 /* Note+CoreDataProperties.swift */ = {isa = PBXFileReference; lastKnownFileType = sourcecode.swift; path = "Note+CoreDataProperties.swift"; sourceTree = "<group>"; };
		D631CBE7207CF07D005E24A0 /* Photo+CoreDataClass.swift */ = {isa = PBXFileReference; lastKnownFileType = sourcecode.swift; path = "Photo+CoreDataClass.swift"; sourceTree = "<group>"; };
		D631CBE8207CF07D005E24A0 /* Photo+CoreDataProperties.swift */ = {isa = PBXFileReference; lastKnownFileType = sourcecode.swift; path = "Photo+CoreDataProperties.swift"; sourceTree = "<group>"; };
		D69F753D20D7EB0D00887705 /* CustomTextField.swift */ = {isa = PBXFileReference; lastKnownFileType = sourcecode.swift; path = CustomTextField.swift; sourceTree = "<group>"; };
		D69F753F20D7EECC00887705 /* CustomTextView.swift */ = {isa = PBXFileReference; lastKnownFileType = sourcecode.swift; path = CustomTextView.swift; sourceTree = "<group>"; };
/* End PBXFileReference section */

/* Begin PBXFrameworksBuildPhase section */
		D631CBC4207C814C005E24A0 /* Frameworks */ = {
			isa = PBXFrameworksBuildPhase;
			buildActionMask = 2147483647;
			files = (
			);
			runOnlyForDeploymentPostprocessing = 0;
		};
/* End PBXFrameworksBuildPhase section */

/* Begin PBXGroup section */
		D631CBBE207C814C005E24A0 = {
			isa = PBXGroup;
			children = (
				D631CBE5207CF07D005E24A0 /* Note+CoreDataClass.swift */,
				D631CBE6207CF07D005E24A0 /* Note+CoreDataProperties.swift */,
				D631CBE7207CF07D005E24A0 /* Photo+CoreDataClass.swift */,
				D631CBE8207CF07D005E24A0 /* Photo+CoreDataProperties.swift */,
				D631CBC9207C814C005E24A0 /* RecordDemoWithCoreData */,
				D631CBC8207C814C005E24A0 /* Products */,
			);
			sourceTree = "<group>";
		};
		D631CBC8207C814C005E24A0 /* Products */ = {
			isa = PBXGroup;
			children = (
				D631CBC7207C814C005E24A0 /* RecordDemoWithCoreData.app */,
			);
			name = Products;
			sourceTree = "<group>";
		};
		D631CBC9207C814C005E24A0 /* RecordDemoWithCoreData */ = {
			isa = PBXGroup;
			children = (
				D631CBCA207C814C005E24A0 /* AppDelegate.swift */,
				D631CBE4207C8930005E24A0 /* View */,
				D631CBE1207C8508005E24A0 /* Controller */,
				D631CBCE207C814C005E24A0 /* Main.storyboard */,
				D631CBD4207C814C005E24A0 /* Assets.xcassets */,
				D631CBD6207C814C005E24A0 /* LaunchScreen.storyboard */,
				D631CBD9207C814C005E24A0 /* Info.plist */,
				D631CBD1207C814C005E24A0 /* RecordDemoWithCoreData.xcdatamodeld */,
			);
			path = RecordDemoWithCoreData;
			sourceTree = "<group>";
		};
		D631CBE1207C8508005E24A0 /* Controller */ = {
			isa = PBXGroup;
			children = (
				D631CBCC207C814C005E24A0 /* NoteViewController.swift */,
				D631CBDF207C8503005E24A0 /* EditNoteViewController.swift */,
			);
			path = Controller;
			sourceTree = "<group>";
		};
		D631CBE4207C8930005E24A0 /* View */ = {
			isa = PBXGroup;
			children = (
				D631CBE2207C8907005E24A0 /* PhotoTableViewCell.swift */,
				D69F753D20D7EB0D00887705 /* CustomTextField.swift */,
				D69F753F20D7EECC00887705 /* CustomTextView.swift */,
			);
			path = View;
			sourceTree = "<group>";
		};
/* End PBXGroup section */

/* Begin PBXNativeTarget section */
		D631CBC6207C814C005E24A0 /* RecordDemoWithCoreData */ = {
			isa = PBXNativeTarget;
			buildConfigurationList = D631CBDC207C814C005E24A0 /* Build configuration list for PBXNativeTarget "RecordDemoWithCoreData" */;
			buildPhases = (
				D631CBC3207C814C005E24A0 /* Sources */,
				D631CBC4207C814C005E24A0 /* Frameworks */,
				D631CBC5207C814C005E24A0 /* Resources */,
			);
			buildRules = (
			);
			dependencies = (
			);
			name = RecordDemoWithCoreData;
			productName = RecordDemoWithCoreData;
			productReference = D631CBC7207C814C005E24A0 /* RecordDemoWithCoreData.app */;
			productType = "com.apple.product-type.application";
		};
/* End PBXNativeTarget section */

/* Begin PBXProject section */
		D631CBBF207C814C005E24A0 /* Project object */ = {
			isa = PBXProject;
			attributes = {
				LastSwiftUpdateCheck = 0930;
				LastUpgradeCheck = 0930;
				ORGANIZATIONNAME = EthanLin;
				TargetAttributes = {
					D631CBC6207C814C005E24A0 = {
						CreatedOnToolsVersion = 9.3;
					};
				};
			};
			buildConfigurationList = D631CBC2207C814C005E24A0 /* Build configuration list for PBXProject "RecordDemoWithCoreData" */;
			compatibilityVersion = "Xcode 9.3";
			developmentRegion = en;
			hasScannedForEncodings = 0;
			knownRegions = (
				en,
				Base,
			);
			mainGroup = D631CBBE207C814C005E24A0;
			productRefGroup = D631CBC8207C814C005E24A0 /* Products */;
			projectDirPath = "";
			projectRoot = "";
			targets = (
				D631CBC6207C814C005E24A0 /* RecordDemoWithCoreData */,
			);
		};
/* End PBXProject section */

/* Begin PBXResourcesBuildPhase section */
		D631CBC5207C814C005E24A0 /* Resources */ = {
			isa = PBXResourcesBuildPhase;
			buildActionMask = 2147483647;
			files = (
				D631CBD8207C814C005E24A0 /* LaunchScreen.storyboard in Resources */,
				D631CBD5207C814C005E24A0 /* Assets.xcassets in Resources */,
				D631CBD0207C814C005E24A0 /* Main.storyboard in Resources */,
			);
			runOnlyForDeploymentPostprocessing = 0;
		};
/* End PBXResourcesBuildPhase section */

/* Begin PBXSourcesBuildPhase section */
		D631CBC3207C814C005E24A0 /* Sources */ = {
			isa = PBXSourcesBuildPhase;
			buildActionMask = 2147483647;
			files = (
				D631CBE3207C8907005E24A0 /* PhotoTableViewCell.swift in Sources */,
				D631CBEA207CF07D005E24A0 /* Note+CoreDataProperties.swift in Sources */,
				D631CBEB207CF07D005E24A0 /* Photo+CoreDataClass.swift in Sources */,
				D631CBCD207C814C005E24A0 /* NoteViewController.swift in Sources */,
				D69F753E20D7EB0D00887705 /* CustomTextField.swift in Sources */,
				D69F754020D7EECC00887705 /* CustomTextView.swift in Sources */,
				D631CBCB207C814C005E24A0 /* AppDelegate.swift in Sources */,
				D631CBE9207CF07D005E24A0 /* Note+CoreDataClass.swift in Sources */,
				D631CBEC207CF07D005E24A0 /* Photo+CoreDataProperties.swift in Sources */,
				D631CBE0207C8503005E24A0 /* EditNoteViewController.swift in Sources */,
				D631CBD3207C814C005E24A0 /* RecordDemoWithCoreData.xcdatamodeld in Sources */,
			);
			runOnlyForDeploymentPostprocessing = 0;
		};
/* End PBXSourcesBuildPhase section */

/* Begin PBXVariantGroup section */
		D631CBCE207C814C005E24A0 /* Main.storyboard */ = {
			isa = PBXVariantGroup;
			children = (
				D631CBCF207C814C005E24A0 /* Base */,
			);
			name = Main.storyboard;
			sourceTree = "<group>";
		};
		D631CBD6207C814C005E24A0 /* LaunchScreen.storyboard */ = {
			isa = PBXVariantGroup;
			children = (
				D631CBD7207C814C005E24A0 /* Base */,
			);
			name = LaunchScreen.storyboard;
			sourceTree = "<group>";
		};
/* End PBXVariantGroup section */

/* Begin XCBuildConfiguration section */
		D631CBDA207C814C005E24A0 /* Debug */ = {
			isa = XCBuildConfiguration;
			buildSettings = {
				ALWAYS_SEARCH_USER_PATHS = NO;
				CLANG_ANALYZER_NONNULL = YES;
				CLANG_ANALYZER_NUMBER_OBJECT_CONVERSION = YES_AGGRESSIVE;
				CLANG_CXX_LANGUAGE_STANDARD = "gnu++14";
				CLANG_CXX_LIBRARY = "libc++";
				CLANG_ENABLE_MODULES = YES;
				CLANG_ENABLE_OBJC_ARC = YES;
				CLANG_ENABLE_OBJC_WEAK = YES;
				CLANG_WARN_BLOCK_CAPTURE_AUTORELEASING = YES;
				CLANG_WARN_BOOL_CONVERSION = YES;
				CLANG_WARN_COMMA = YES;
				CLANG_WARN_CONSTANT_CONVERSION = YES;
				CLANG_WARN_DEPRECATED_OBJC_IMPLEMENTATIONS = YES;
				CLANG_WARN_DIRECT_OBJC_ISA_USAGE = YES_ERROR;
				CLANG_WARN_DOCUMENTATION_COMMENTS = YES;
				CLANG_WARN_EMPTY_BODY = YES;
				CLANG_WARN_ENUM_CONVERSION = YES;
				CLANG_WARN_INFINITE_RECURSION = YES;
				CLANG_WARN_INT_CONVERSION = YES;
				CLANG_WARN_NON_LITERAL_NULL_CONVERSION = YES;
				CLANG_WARN_OBJC_IMPLICIT_RETAIN_SELF = YES;
				CLANG_WARN_OBJC_LITERAL_CONVERSION = YES;
				CLANG_WARN_OBJC_ROOT_CLASS = YES_ERROR;
				CLANG_WARN_RANGE_LOOP_ANALYSIS = YES;
				CLANG_WARN_STRICT_PROTOTYPES = YES;
				CLANG_WARN_SUSPICIOUS_MOVE = YES;
				CLANG_WARN_UNGUARDED_AVAILABILITY = YES_AGGRESSIVE;
				CLANG_WARN_UNREACHABLE_CODE = YES;
				CLANG_WARN__DUPLICATE_METHOD_MATCH = YES;
				CODE_SIGN_IDENTITY = "iPhone Developer";
				COPY_PHASE_STRIP = NO;
				DEBUG_INFORMATION_FORMAT = dwarf;
				ENABLE_STRICT_OBJC_MSGSEND = YES;
				ENABLE_TESTABILITY = YES;
				GCC_C_LANGUAGE_STANDARD = gnu11;
				GCC_DYNAMIC_NO_PIC = NO;
				GCC_NO_COMMON_BLOCKS = YES;
				GCC_OPTIMIZATION_LEVEL = 0;
				GCC_PREPROCESSOR_DEFINITIONS = (
					"DEBUG=1",
					"$(inherited)",
				);
				GCC_WARN_64_TO_32_BIT_CONVERSION = YES;
				GCC_WARN_ABOUT_RETURN_TYPE = YES_ERROR;
				GCC_WARN_UNDECLARED_SELECTOR = YES;
				GCC_WARN_UNINITIALIZED_AUTOS = YES_AGGRESSIVE;
				GCC_WARN_UNUSED_FUNCTION = YES;
				GCC_WARN_UNUSED_VARIABLE = YES;
				IPHONEOS_DEPLOYMENT_TARGET = 11.3;
				MTL_ENABLE_DEBUG_INFO = YES;
				ONLY_ACTIVE_ARCH = YES;
				SDKROOT = iphoneos;
				SWIFT_ACTIVE_COMPILATION_CONDITIONS = DEBUG;
				SWIFT_OPTIMIZATION_LEVEL = "-Onone";
			};
			name = Debug;
		};
		D631CBDB207C814C005E24A0 /* Release */ = {
			isa = XCBuildConfiguration;
			buildSettings = {
				ALWAYS_SEARCH_USER_PATHS = NO;
				CLANG_ANALYZER_NONNULL = YES;
				CLANG_ANALYZER_NUMBER_OBJECT_CONVERSION = YES_AGGRESSIVE;
				CLANG_CXX_LANGUAGE_STANDARD = "gnu++14";
				CLANG_CXX_LIBRARY = "libc++";
				CLANG_ENABLE_MODULES = YES;
				CLANG_ENABLE_OBJC_ARC = YES;
				CLANG_ENABLE_OBJC_WEAK = YES;
				CLANG_WARN_BLOCK_CAPTURE_AUTORELEASING = YES;
				CLANG_WARN_BOOL_CONVERSION = YES;
				CLANG_WARN_COMMA = YES;
				CLANG_WARN_CONSTANT_CONVERSION = YES;
				CLANG_WARN_DEPRECATED_OBJC_IMPLEMENTATIONS = YES;
				CLANG_WARN_DIRECT_OBJC_ISA_USAGE = YES_ERROR;
				CLANG_WARN_DOCUMENTATION_COMMENTS = YES;
				CLANG_WARN_EMPTY_BODY = YES;
				CLANG_WARN_ENUM_CONVERSION = YES;
				CLANG_WARN_INFINITE_RECURSION = YES;
				CLANG_WARN_INT_CONVERSION = YES;
				CLANG_WARN_NON_LITERAL_NULL_CONVERSION = YES;
				CLANG_WARN_OBJC_IMPLICIT_RETAIN_SELF = YES;
				CLANG_WARN_OBJC_LITERAL_CONVERSION = YES;
				CLANG_WARN_OBJC_ROOT_CLASS = YES_ERROR;
				CLANG_WARN_RANGE_LOOP_ANALYSIS = YES;
				CLANG_WARN_STRICT_PROTOTYPES = YES;
				CLANG_WARN_SUSPICIOUS_MOVE = YES;
				CLANG_WARN_UNGUARDED_AVAILABILITY = YES_AGGRESSIVE;
				CLANG_WARN_UNREACHABLE_CODE = YES;
				CLANG_WARN__DUPLICATE_METHOD_MATCH = YES;
				CODE_SIGN_IDENTITY = "iPhone Developer";
				COPY_PHASE_STRIP = NO;
				DEBUG_INFORMATION_FORMAT = "dwarf-with-dsym";
				ENABLE_NS_ASSERTIONS = NO;
				ENABLE_STRICT_OBJC_MSGSEND = YES;
				GCC_C_LANGUAGE_STANDARD = gnu11;
				GCC_NO_COMMON_BLOCKS = YES;
				GCC_WARN_64_TO_32_BIT_CONVERSION = YES;
				GCC_WARN_ABOUT_RETURN_TYPE = YES_ERROR;
				GCC_WARN_UNDECLARED_SELECTOR = YES;
				GCC_WARN_UNINITIALIZED_AUTOS = YES_AGGRESSIVE;
				GCC_WARN_UNUSED_FUNCTION = YES;
				GCC_WARN_UNUSED_VARIABLE = YES;
				IPHONEOS_DEPLOYMENT_TARGET = 11.3;
				MTL_ENABLE_DEBUG_INFO = NO;
				SDKROOT = iphoneos;
				SWIFT_COMPILATION_MODE = wholemodule;
				SWIFT_OPTIMIZATION_LEVEL = "-O";
				VALIDATE_PRODUCT = YES;
			};
			name = Release;
		};
		D631CBDD207C814C005E24A0 /* Debug */ = {
			isa = XCBuildConfiguration;
			buildSettings = {
				ASSETCATALOG_COMPILER_APPICON_NAME = AppIcon;
				CODE_SIGN_STYLE = Automatic;
				DEVELOPMENT_TEAM = B2H8R699XY;
				INFOPLIST_FILE = RecordDemoWithCoreData/Info.plist;
				LD_RUNPATH_SEARCH_PATHS = (
					"$(inherited)",
					"@executable_path/Frameworks",
				);
				PRODUCT_BUNDLE_IDENTIFIER = com.ethan0909.RecordDemoWithCoreData;
				PRODUCT_NAME = "$(TARGET_NAME)";
				SWIFT_VERSION = 4.0;
				TARGETED_DEVICE_FAMILY = "1,2";
			};
			name = Debug;
		};
		D631CBDE207C814C005E24A0 /* Release */ = {
			isa = XCBuildConfiguration;
			buildSettings = {
				ASSETCATALOG_COMPILER_APPICON_NAME = AppIcon;
				CODE_SIGN_STYLE = Automatic;
				DEVELOPMENT_TEAM = B2H8R699XY;
				INFOPLIST_FILE = RecordDemoWithCoreData/Info.plist;
				LD_RUNPATH_SEARCH_PATHS = (
					"$(inherited)",
					"@executable_path/Frameworks",
				);
				PRODUCT_BUNDLE_IDENTIFIER = com.ethan0909.RecordDemoWithCoreData;
				PRODUCT_NAME = "$(TARGET_NAME)";
				SWIFT_VERSION = 4.0;
				TARGETED_DEVICE_FAMILY = "1,2";
			};
			name = Release;
		};
/* End XCBuildConfiguration section */

/* Begin XCConfigurationList section */
		D631CBC2207C814C005E24A0 /* Build configuration list for PBXProject "RecordDemoWithCoreData" */ = {
			isa = XCConfigurationList;
			buildConfigurations = (
				D631CBDA207C814C005E24A0 /* Debug */,
				D631CBDB207C814C005E24A0 /* Release */,
			);
			defaultConfigurationIsVisible = 0;
			defaultConfigurationName = Release;
		};
		D631CBDC207C814C005E24A0 /* Build configuration list for PBXNativeTarget "RecordDemoWithCoreData" */ = {
			isa = XCConfigurationList;
			buildConfigurations = (
				D631CBDD207C814C005E24A0 /* Debug */,
				D631CBDE207C814C005E24A0 /* Release */,
			);
			defaultConfigurationIsVisible = 0;
			defaultConfigurationName = Release;
		};
/* End XCConfigurationList section */

/* Begin XCVersionGroup section */
		D631CBD1207C814C005E24A0 /* RecordDemoWithCoreData.xcdatamodeld */ = {
			isa = XCVersionGroup;
			children = (
				D631CBD2207C814C005E24A0 /* RecordDemoWithCoreData.xcdatamodel */,
			);
			currentVersion = D631CBD2207C814C005E24A0 /* RecordDemoWithCoreData.xcdatamodel */;
			path = RecordDemoWithCoreData.xcdatamodeld;
			sourceTree = "<group>";
			versionGroupType = wrapper.xcdatamodel;
		};
/* End XCVersionGroup section */
	};
	rootObject = D631CBBF207C814C005E24A0 /* Project object */;
}
